
Microsoft Visual Studio Solution File, Format Version 12.00
# Visual Studio Version 17
VisualStudioVersion = 17.5.33424.131
MinimumVisualStudioVersion = 10.0.40219.1
Project("{FAE04EC0-301F-11D3-BF4B-00C04F79EFBC}") = "ECommerceSite", "ECommerceSite.csproj", "{8933583A-0AAF-4137-A3B8-20D43EA02FA1}"
EndProject
Global
	GlobalSection(SolutionConfigurationPlatforms) = preSolution
		Debug|Any CPU = Debug|Any CPU
		Release|Any CPU = Release|Any CPU
	EndGlobalSection
	GlobalSection(ProjectConfigurationPlatforms) = postSolution
		{8933583A-0AAF-4137-A3B8-20D43EA02FA1}.Debug|Any CPU.ActiveCfg = Debug|Any CPU
		{8933583A-0AAF-4137-A3B8-20D43EA02FA1}.Debug|Any CPU.Build.0 = Debug|Any CPU
		{8933583A-0AAF-4137-A3B8-20D43EA02FA1}.Release|Any CPU.ActiveCfg = Release|Any CPU
		{8933583A-0AAF-4137-A3B8-20D43EA02FA1}.Release|Any CPU.Build.0 = Release|Any CPU
	EndGlobalSection
	GlobalSection(SolutionProperties) = preSolution
		HideSolutionNode = FALSE
	EndGlobalSection
	GlobalSection(ExtensibilityGlobals) = postSolution
		SolutionGuid = {46B7EF8B-4F11-4881-8281-36BF015D9DD7}
	EndGlobalSection
EndGlobal
